
Microsoft Visual Studio Solution File, Format Version 12.00
# Visual Studio Version 17
VisualStudioVersion = 17.7.34018.315
MinimumVisualStudioVersion = 10.0.40219.1
Project("{8BC9CEB8-8B4A-11D0-8D11-00A0C91BC942}") = "problem#02-2", "problem#02-2.vcxproj", "{C1BAF70B-F0B7-4C8D-85C2-75D6403CB7E7}"
EndProject
Global
	GlobalSection(SolutionConfigurationPlatforms) = preSolution
		Debug|x64 = Debug|x64
		Debug|x86 = Debug|x86
		Release|x64 = Release|x64
		Release|x86 = Release|x86
	EndGlobalSection
	GlobalSection(ProjectConfigurationPlatforms) = postSolution
		{C1BAF70B-F0B7-4C8D-85C2-75D6403CB7E7}.Debug|x64.ActiveCfg = Debug|x64
		{C1BAF70B-F0B7-4C8D-85C2-75D6403CB7E7}.Debug|x64.Build.0 = Debug|x64
		{C1BAF70B-F0B7-4C8D-85C2-75D6403CB7E7}.Debug|x86.ActiveCfg = Debug|Win32
		{C1BAF70B-F0B7-4C8D-85C2-75D6403CB7E7}.Debug|x86.Build.0 = Debug|Win32
		{C1BAF70B-F0B7-4C8D-85C2-75D6403CB7E7}.Release|x64.ActiveCfg = Release|x64
		{C1BAF70B-F0B7-4C8D-85C2-75D6403CB7E7}.Release|x64.Build.0 = Release|x64
		{C1BAF70B-F0B7-4C8D-85C2-75D6403CB7E7}.Release|x86.ActiveCfg = Release|Win32
		{C1BAF70B-F0B7-4C8D-85C2-75D6403CB7E7}.Release|x86.Build.0 = Release|Win32
	EndGlobalSection
	GlobalSection(SolutionProperties) = preSolution
		HideSolutionNode = FALSE
	EndGlobalSection
	GlobalSection(ExtensibilityGlobals) = postSolution
		SolutionGuid = {8049E93E-2E4E-4E72-B9AE-6FCD9AB8B533}
	EndGlobalSection
EndGlobal
